// !$*UTF8*$!
{
	archiveVersion = 1;
	classes = {
	};
	objectVersion = 46;
	objects = {

/* Begin PBXBuildFile section */
		C56F3ABF14F33FB4004651AA /* UIKit.framework in Frameworks */ = {isa = PBXBuildFile; fileRef = C56F3ABE14F33FB4004651AA /* UIKit.framework */; };
		C56F3AC114F33FB4004651AA /* Foundation.framework in Frameworks */ = {isa = PBXBuildFile; fileRef = C56F3AC014F33FB4004651AA /* Foundation.framework */; };
		C56F3AC314F33FB4004651AA /* CoreGraphics.framework in Frameworks */ = {isa = PBXBuildFile; fileRef = C56F3AC214F33FB4004651AA /* CoreGraphics.framework */; };
		C56F3AC914F33FB4004651AA /* InfoPlist.strings in Resources */ = {isa = PBXBuildFile; fileRef = C56F3AC714F33FB4004651AA /* InfoPlist.strings */; };
		C56F3ACB14F33FB4004651AA /* main.m in Sources */ = {isa = PBXBuildFile; fileRef = C56F3ACA14F33FB4004651AA /* main.m */; };
		C56F3ACF14F33FB4004651AA /* CalculatorAppDelegate.m in Sources */ = {isa = PBXBuildFile; fileRef = C56F3ACE14F33FB4004651AA /* CalculatorAppDelegate.m */; };
		C56F3AD214F33FB4004651AA /* MainStoryboard.storyboard in Resources */ = {isa = PBXBuildFile; fileRef = C56F3AD014F33FB4004651AA /* MainStoryboard.storyboard */; };
		C56F3AD514F33FB4004651AA /* CalculatorViewController.m in Sources */ = {isa = PBXBuildFile; fileRef = C56F3AD414F33FB4004651AA /* CalculatorViewController.m */; };
		C56F3ADD14F3EB26004651AA /* CalculatorBrain.m in Sources */ = {isa = PBXBuildFile; fileRef = C56F3ADC14F3EB26004651AA /* CalculatorBrain.m */; };
/* End PBXBuildFile section */

/* Begin PBXFileReference section */
		C56F3ABA14F33FB4004651AA /* Calculator.app */ = {isa = PBXFileReference; explicitFileType = wrapper.application; includeInIndex = 0; path = Calculator.app; sourceTree = BUILT_PRODUCTS_DIR; };
		C56F3ABE14F33FB4004651AA /* UIKit.framework */ = {isa = PBXFileReference; lastKnownFileType = wrapper.framework; name = UIKit.framework; path = System/Library/Frameworks/UIKit.framework; sourceTree = SDKROOT; };
		C56F3AC014F33FB4004651AA /* Foundation.framework */ = {isa = PBXFileReference; lastKnownFileType = wrapper.framework; name = Foundation.framework; path = System/Library/Frameworks/Foundation.framework; sourceTree = SDKROOT; };
		C56F3AC214F33FB4004651AA /* CoreGraphics.framework */ = {isa = PBXFileReference; lastKnownFileType = wrapper.framework; name = CoreGraphics.framework; path = System/Library/Frameworks/CoreGraphics.framework; sourceTree = SDKROOT; };
		C56F3AC614F33FB4004651AA /* Calculator-Info.plist */ = {isa = PBXFileReference; lastKnownFileType = text.plist.xml; path = "Calculator-Info.plist"; sourceTree = "<group>"; };
		C56F3AC814F33FB4004651AA /* en */ = {isa = PBXFileReference; lastKnownFileType = text.plist.strings; name = en; path = en.lproj/InfoPlist.strings; sourceTree = "<group>"; };
		C56F3ACA14F33FB4004651AA /* main.m */ = {isa = PBXFileReference; lastKnownFileType = sourcecode.c.objc; path = main.m; sourceTree = "<group>"; };
		C56F3ACC14F33FB4004651AA /* Calculator-Prefix.pch */ = {isa = PBXFileReference; lastKnownFileType = sourcecode.c.h; path = "Calculator-Prefix.pch"; sourceTree = "<group>"; };
		C56F3ACD14F33FB4004651AA /* CalculatorAppDelegate.h */ = {isa = PBXFileReference; lastKnownFileType = sourcecode.c.h; path = CalculatorAppDelegate.h; sourceTree = "<group>"; };
		C56F3ACE14F33FB4004651AA /* CalculatorAppDelegate.m */ = {isa = PBXFileReference; lastKnownFileType = sourcecode.c.objc; path = CalculatorAppDelegate.m; sourceTree = "<group>"; };
		C56F3AD114F33FB4004651AA /* en */ = {isa = PBXFileReference; lastKnownFileType = file.storyboard; name = en; path = en.lproj/MainStoryboard.storyboard; sourceTree = "<group>"; };
		C56F3AD314F33FB4004651AA /* CalculatorViewController.h */ = {isa = PBXFileReference; lastKnownFileType = sourcecode.c.h; path = CalculatorViewController.h; sourceTree = "<group>"; };
		C56F3AD414F33FB4004651AA /* CalculatorViewController.m */ = {isa = PBXFileReference; lastKnownFileType = sourcecode.c.objc; path = CalculatorViewController.m; sourceTree = "<group>"; };
		C56F3ADB14F3EB26004651AA /* CalculatorBrain.h */ = {isa = PBXFileReference; fileEncoding = 4; lastKnownFileType = sourcecode.c.h; path = CalculatorBrain.h; sourceTree = "<group>"; };
		C56F3ADC14F3EB26004651AA /* CalculatorBrain.m */ = {isa = PBXFileReference; fileEncoding = 4; lastKnownFileType = sourcecode.c.objc; path = CalculatorBrain.m; sourceTree = "<group>"; };
/* End PBXFileReference section */

/* Begin PBXFrameworksBuildPhase section */
		C56F3AB714F33FB4004651AA /* Frameworks */ = {
			isa = PBXFrameworksBuildPhase;
			buildActionMask = 2147483647;
			files = (
				C56F3ABF14F33FB4004651AA /* UIKit.framework in Frameworks */,
				C56F3AC114F33FB4004651AA /* Foundation.framework in Frameworks */,
				C56F3AC314F33FB4004651AA /* CoreGraphics.framework in Frameworks */,
			);
			runOnlyForDeploymentPostprocessing = 0;
		};
/* End PBXFrameworksBuildPhase section */

/* Begin PBXGroup section */
		C56F3AAF14F33FB3004651AA = {
			isa = PBXGroup;
			children = (
				C56F3AC414F33FB4004651AA /* Calculator */,
				C56F3ABD14F33FB4004651AA /* Frameworks */,
				C56F3ABB14F33FB4004651AA /* Products */,
			);
			sourceTree = "<group>";
		};
		C56F3ABB14F33FB4004651AA /* Products */ = {
			isa = PBXGroup;
			children = (
				C56F3ABA14F33FB4004651AA /* Calculator.app */,
			);
			name = Products;
			sourceTree = "<group>";
		};
		C56F3ABD14F33FB4004651AA /* Frameworks */ = {
			isa = PBXGroup;
			children = (
				C56F3ABE14F33FB4004651AA /* UIKit.framework */,
				C56F3AC014F33FB4004651AA /* Foundation.framework */,
				C56F3AC214F33FB4004651AA /* CoreGraphics.framework */,
			);
			name = Frameworks;
			sourceTree = "<group>";
		};
		C56F3AC414F33FB4004651AA /* Calculator */ = {
			isa = PBXGroup;
			children = (
				C56F3ACD14F33FB4004651AA /* CalculatorAppDelegate.h */,
				C56F3ACE14F33FB4004651AA /* CalculatorAppDelegate.m */,
				C56F3AD014F33FB4004651AA /* MainStoryboard.storyboard */,
				C56F3ADB14F3EB26004651AA /* CalculatorBrain.h */,
				C56F3ADC14F3EB26004651AA /* CalculatorBrain.m */,
				C56F3AD314F33FB4004651AA /* CalculatorViewController.h */,
				C56F3AD414F33FB4004651AA /* CalculatorViewController.m */,
				C56F3AC514F33FB4004651AA /* Supporting Files */,
			);
			path = Calculator;
			sourceTree = "<group>";
		};
		C56F3AC514F33FB4004651AA /* Supporting Files */ = {
			isa = PBXGroup;
			children = (
				C56F3AC614F33FB4004651AA /* Calculator-Info.plist */,
				C56F3AC714F33FB4004651AA /* InfoPlist.strings */,
				C56F3ACA14F33FB4004651AA /* main.m */,
				C56F3ACC14F33FB4004651AA /* Calculator-Prefix.pch */,
			);
			name = "Supporting Files";
			sourceTree = "<group>";
		};
/* End PBXGroup section */

/* Begin PBXNativeTarget section */
		C56F3AB914F33FB4004651AA /* Calculator */ = {
			isa = PBXNativeTarget;
			buildConfigurationList = C56F3AD814F33FB4004651AA /* Build configuration list for PBXNativeTarget "Calculator" */;
			buildPhases = (
				C56F3AB614F33FB4004651AA /* Sources */,
				C56F3AB714F33FB4004651AA /* Frameworks */,
				C56F3AB814F33FB4004651AA /* Resources */,
			);
			buildRules = (
			);
			dependencies = (
			);
			name = Calculator;
			productName = Calculator;
			productReference = C56F3ABA14F33FB4004651AA /* Calculator.app */;
			productType = "com.apple.product-type.application";
		};
/* End PBXNativeTarget section */

/* Begin PBXProject section */
		C56F3AB114F33FB3004651AA /* Project object */ = {
			isa = PBXProject;
			attributes = {
				LastUpgradeCheck = 0430;
			};
			buildConfigurationList = C56F3AB414F33FB3004651AA /* Build configuration list for PBXProject "Calculator" */;
			compatibilityVersion = "Xcode 3.2";
			developmentRegion = English;
			hasScannedForEncodings = 0;
			knownRegions = (
				en,
			);
			mainGroup = C56F3AAF14F33FB3004651AA;
			productRefGroup = C56F3ABB14F33FB4004651AA /* Products */;
			projectDirPath = "";
			projectRoot = "";
			targets = (
				C56F3AB914F33FB4004651AA /* Calculator */,
			);
		};
/* End PBXProject section */

/* Begin PBXResourcesBuildPhase section */
		C56F3AB814F33FB4004651AA /* Resources */ = {
			isa = PBXResourcesBuildPhase;
			buildActionMask = 2147483647;
			files = (
				C56F3AC914F33FB4004651AA /* InfoPlist.strings in Resources */,
				C56F3AD214F33FB4004651AA /* MainStoryboard.storyboard in Resources */,
			);
			runOnlyForDeploymentPostprocessing = 0;
		};
/* End PBXResourcesBuildPhase section */

/* Begin PBXSourcesBuildPhase section */
		C56F3AB614F33FB4004651AA /* Sources */ = {
			isa = PBXSourcesBuildPhase;
			buildActionMask = 2147483647;
			files = (
				C56F3ACB14F33FB4004651AA /* main.m in Sources */,
				C56F3ACF14F33FB4004651AA /* CalculatorAppDelegate.m in Sources */,
				C56F3AD514F33FB4004651AA /* CalculatorViewController.m in Sources */,
				C56F3ADD14F3EB26004651AA /* CalculatorBrain.m in Sources */,
			);
			runOnlyForDeploymentPostprocessing = 0;
		};
/* End PBXSourcesBuildPhase section */

/* Begin PBXVariantGroup section */
		C56F3AC714F33FB4004651AA /* InfoPlist.strings */ = {
			isa = PBXVariantGroup;
			children = (
				C56F3AC814F33FB4004651AA /* en */,
			);
			name = InfoPlist.strings;
			sourceTree = "<group>";
		};
		C56F3AD014F33FB4004651AA /* MainStoryboard.storyboard */ = {
			isa = PBXVariantGroup;
			children = (
				C56F3AD114F33FB4004651AA /* en */,
			);
			name = MainStoryboard.storyboard;
			sourceTree = "<group>";
		};
/* End PBXVariantGroup section */

/* Begin XCBuildConfiguration section */
		C56F3AD614F33FB4004651AA /* Debug */ = {
			isa = XCBuildConfiguration;
			buildSettings = {
				ALWAYS_SEARCH_USER_PATHS = NO;
				ARCHS = "$(ARCHS_STANDARD_32_BIT)";
				CLANG_ENABLE_OBJC_ARC = YES;
				"CODE_SIGN_IDENTITY[sdk=iphoneos*]" = "iPhone Developer";
				COPY_PHASE_STRIP = NO;
				GCC_C_LANGUAGE_STANDARD = gnu99;
				GCC_DYNAMIC_NO_PIC = NO;
				GCC_OPTIMIZATION_LEVEL = 0;
				GCC_PREPROCESSOR_DEFINITIONS = (
					"DEBUG=1",
					"$(inherited)",
				);
				GCC_SYMBOLS_PRIVATE_EXTERN = NO;
				GCC_VERSION = com.apple.compilers.llvm.clang.1_0;
				GCC_WARN_ABOUT_MISSING_PROTOTYPES = YES;
				GCC_WARN_ABOUT_RETURN_TYPE = YES;
				GCC_WARN_UNUSED_VARIABLE = YES;
				IPHONEOS_DEPLOYMENT_TARGET = 5.0;
				SDKROOT = iphoneos;
			};
			name = Debug;
		};
		C56F3AD714F33FB4004651AA /* Release */ = {
			isa = XCBuildConfiguration;
			buildSettings = {
				ALWAYS_SEARCH_USER_PATHS = NO;
				ARCHS = "$(ARCHS_STANDARD_32_BIT)";
				CLANG_ENABLE_OBJC_ARC = YES;
				"CODE_SIGN_IDENTITY[sdk=iphoneos*]" = "iPhone Developer";
				COPY_PHASE_STRIP = YES;
				GCC_C_LANGUAGE_STANDARD = gnu99;
				GCC_VERSION = com.apple.compilers.llvm.clang.1_0;
				GCC_WARN_ABOUT_MISSING_PROTOTYPES = YES;
				GCC_WARN_ABOUT_RETURN_TYPE = YES;
				GCC_WARN_UNUSED_VARIABLE = YES;
				IPHONEOS_DEPLOYMENT_TARGET = 5.0;
				OTHER_CFLAGS = "-DNS_BLOCK_ASSERTIONS=1";
				SDKROOT = iphoneos;
				VALIDATE_PRODUCT = YES;
			};
			name = Release;
		};
		C56F3AD914F33FB4004651AA /* Debug */ = {
			isa = XCBuildConfiguration;
			buildSettings = {
				GCC_PRECOMPILE_PREFIX_HEADER = YES;
				GCC_PREFIX_HEADER = "Calculator/Calculator-Prefix.pch";
				INFOPLIST_FILE = "Calculator/Calculator-Info.plist";
				PRODUCT_NAME = "$(TARGET_NAME)";
				WRAPPER_EXTENSION = app;
			};
			name = Debug;
		};
		C56F3ADA14F33FB4004651AA /* Release */ = {
			isa = XCBuildConfiguration;
			buildSettings = {
				GCC_PRECOMPILE_PREFIX_HEADER = YES;
				GCC_PREFIX_HEADER = "Calculator/Calculator-Prefix.pch";
				INFOPLIST_FILE = "Calculator/Calculator-Info.plist";
				PRODUCT_NAME = "$(TARGET_NAME)";
				WRAPPER_EXTENSION = app;
			};
			name = Release;
		};
/* End XCBuildConfiguration section */

/* Begin XCConfigurationList section */
		C56F3AB414F33FB3004651AA /* Build configuration list for PBXProject "Calculator" */ = {
			isa = XCConfigurationList;
			buildConfigurations = (
				C56F3AD614F33FB4004651AA /* Debug */,
				C56F3AD714F33FB4004651AA /* Release */,
			);
			defaultConfigurationIsVisible = 0;
			defaultConfigurationName = Release;
		};
		C56F3AD814F33FB4004651AA /* Build configuration list for PBXNativeTarget "Calculator" */ = {
			isa = XCConfigurationList;
			buildConfigurations = (
				C56F3AD914F33FB4004651AA /* Debug */,
				C56F3ADA14F33FB4004651AA /* Release */,
			);
			defaultConfigurationIsVisible = 0;
			defaultConfigurationName = Release;
		};
/* End XCConfigurationList section */
	};
	rootObject = C56F3AB114F33FB3004651AA /* Project object */;
}
